
Microsoft Visual Studio Solution File, Format Version 12.00
# Visual Studio Version 17
VisualStudioVersion = 17.7.34031.279
MinimumVisualStudioVersion = 10.0.40219.1
Project("{FAE04EC0-301F-11D3-BF4B-00C04F79EFBC}") = "YosraMezgar", "YosraMezgar\YosraMezgar.csproj", "{B70B51F2-910E-41A3-9894-24C66B5B1EEB}"
EndProject
Global
	GlobalSection(SolutionConfigurationPlatforms) = preSolution
		Debug|Any CPU = Debug|Any CPU
		Release|Any CPU = Release|Any CPU
	EndGlobalSection
	GlobalSection(ProjectConfigurationPlatforms) = postSolution
		{B70B51F2-910E-41A3-9894-24C66B5B1EEB}.Debug|Any CPU.ActiveCfg = Debug|Any CPU
		{B70B51F2-910E-41A3-9894-24C66B5B1EEB}.Debug|Any CPU.Build.0 = Debug|Any CPU
		{B70B51F2-910E-41A3-9894-24C66B5B1EEB}.Release|Any CPU.ActiveCfg = Release|Any CPU
		{B70B51F2-910E-41A3-9894-24C66B5B1EEB}.Release|Any CPU.Build.0 = Release|Any CPU
	EndGlobalSection
	GlobalSection(SolutionProperties) = preSolution
		HideSolutionNode = FALSE
	EndGlobalSection
	GlobalSection(ExtensibilityGlobals) = postSolution
		SolutionGuid = {060E525D-C3FD-4382-9588-688387E6BD5E}
	EndGlobalSection
EndGlobal
